
Microsoft Visual Studio Solution File, Format Version 12.00
# Visual Studio Version 17
VisualStudioVersion = 17.8.34511.84
MinimumVisualStudioVersion = 10.0.40219.1
Project("{FAE04EC0-301F-11D3-BF4B-00C04F79EFBC}") = "MDK01.04.PR3", "MDK01.04.PR3.csproj", "{DD39FFD0-989C-45D5-964F-F7B5CECFA4F7}"
EndProject
Global
	GlobalSection(SolutionConfigurationPlatforms) = preSolution
		Debug|Any CPU = Debug|Any CPU
		Release|Any CPU = Release|Any CPU
	EndGlobalSection
	GlobalSection(ProjectConfigurationPlatforms) = postSolution
		{DD39FFD0-989C-45D5-964F-F7B5CECFA4F7}.Debug|Any CPU.ActiveCfg = Debug|Any CPU
		{DD39FFD0-989C-45D5-964F-F7B5CECFA4F7}.Debug|Any CPU.Build.0 = Debug|Any CPU
		{DD39FFD0-989C-45D5-964F-F7B5CECFA4F7}.Release|Any CPU.ActiveCfg = Release|Any CPU
		{DD39FFD0-989C-45D5-964F-F7B5CECFA4F7}.Release|Any CPU.Build.0 = Release|Any CPU
	EndGlobalSection
	GlobalSection(SolutionProperties) = preSolution
		HideSolutionNode = FALSE
	EndGlobalSection
	GlobalSection(ExtensibilityGlobals) = postSolution
		SolutionGuid = {1DD61C84-7E8E-46CC-B65E-70E681A8AAE5}
	EndGlobalSection
EndGlobal
